
Microsoft Visual Studio Solution File, Format Version 12.00
# Visual Studio Version 17
VisualStudioVersion = 17.9.34728.123
MinimumVisualStudioVersion = 10.0.40219.1
Project("{FAE04EC0-301F-11D3-BF4B-00C04F79EFBC}") = "CakeZone.Webapp", "CakeZone.Webapp\CakeZone.Webapp.csproj", "{3FB2DB09-3DCF-45F5-8933-F0ADCF1A6A82}"
EndProject
Global
	GlobalSection(SolutionConfigurationPlatforms) = preSolution
		Debug|Any CPU = Debug|Any CPU
		Release|Any CPU = Release|Any CPU
	EndGlobalSection
	GlobalSection(ProjectConfigurationPlatforms) = postSolution
		{3FB2DB09-3DCF-45F5-8933-F0ADCF1A6A82}.Debug|Any CPU.ActiveCfg = Debug|Any CPU
		{3FB2DB09-3DCF-45F5-8933-F0ADCF1A6A82}.Debug|Any CPU.Build.0 = Debug|Any CPU
		{3FB2DB09-3DCF-45F5-8933-F0ADCF1A6A82}.Release|Any CPU.ActiveCfg = Release|Any CPU
		{3FB2DB09-3DCF-45F5-8933-F0ADCF1A6A82}.Release|Any CPU.Build.0 = Release|Any CPU
	EndGlobalSection
	GlobalSection(SolutionProperties) = preSolution
		HideSolutionNode = FALSE
	EndGlobalSection
	GlobalSection(ExtensibilityGlobals) = postSolution
		SolutionGuid = {2FFC26C2-C8D6-434F-BE10-3A19DA46DACD}
	EndGlobalSection
EndGlobal
